PODS:
  - AFNetworkActivityLogger (2.0.1):
    - AFNetworking (~> 2.0)
  - AFNetworking (2.1.0):
    - AFNetworking/NSURLConnection
    - AFNetworking/NSURLSession
    - AFNetworking/Reachability
    - AFNetworking/Security
    - AFNetworking/Serialization
    - AFNetworking/UIKit
  - AFNetworking/NSURLConnection (2.1.0):
    - AFNetworking/Reachability
    - AFNetworking/Security
    - AFNetworking/Serialization
  - AFNetworking/NSURLSession (2.1.0):
    - AFNetworking/NSURLConnection
  - AFNetworking/Reachability (2.1.0)
  - AFNetworking/Security (2.1.0)
  - AFNetworking/Serialization (2.1.0)
  - AFNetworking/UIKit (2.1.0):
    - AFNetworking/NSURLConnection
  - BlockAlertsAnd-ActionSheets (1.0.6):
    - BlockAlertsAnd-ActionSheets/TableAlertView
  - BlockAlertsAnd-ActionSheets/TableAlertView (1.0.6)
  - Bolts (1.2.0):
    - Bolts/AppLinks
    - Bolts/Tasks
  - Bolts/AppLinks (1.2.0):
    - Bolts/Tasks
  - Bolts/Tasks (1.2.0)
  - Facebook-iOS-SDK (3.23.2):
    - Bolts (~> 1.0)
  - FPPopover (1.4.1)
  - HMSegmentedControl (1.2.0)
  - MBProgressHUD (0.6)
  - MZAppearance (1.1.5)
  - MZFormSheetController (2.3.0):
    - MZAppearance (~> 1.1.1)
  - OCMock (2.0.1)
  - OHHTTPStubs (1.1.1)
  - Parse (1.2.13):
    - Facebook-iOS-SDK (~> 3.5)
  - QuickDialog (0.9)
  - ReactiveCocoa (2.1.8):
    - ReactiveCocoa/Core
    - ReactiveCocoa/no-arc
  - ReactiveCocoa/Core (2.1.8):
    - ReactiveCocoa/no-arc
  - ReactiveCocoa/no-arc (2.1.8)

DEPENDENCIES:
  - AFNetworkActivityLogger
  - AFNetworking
  - BlockAlertsAnd-ActionSheets
  - FPPopover
  - HMSegmentedControl
  - MBProgressHUD
  - MZFormSheetController
  - OCMock
  - OHHTTPStubs
  - Parse
  - QuickDialog
  - ReactiveCocoa

SPEC CHECKSUMS:
  AFNetworkActivityLogger: 916c21ab0f6855f86687eab157eb1f9e19cbcf58
  AFNetworking: d397c9a76a60c670cbcd33f3ff2c5f961f724cbc
  BlockAlertsAnd-ActionSheets: 15be37bd381afaae85c2d4229db102c2cac742fa
  Bolts: d176cb1e0012175589e389a9db49b85e27787576
  Facebook-iOS-SDK: cd87f0b2f0c1d9574b44e8fa2baacc275524bac3
  FPPopover: aaf34a88cad4113867c5f1d0a4f9b2f1c06e2352
  HMSegmentedControl: 2923916a7b19bde6dcd73fb1f8a7536d5c262695
  MBProgressHUD: dcb56a8726492cf4684b24fffa06582c1ebb3f41
  MZAppearance: 6e9dc64e42074c0a19812a327f590746c3283bab
  MZFormSheetController: abf9b3c0858904dd6a4fef1f8590923863ef862b
  OCMock: 7a839b55abfb78e8ec3bf6eaa3cdcc567ac71d2a
  OHHTTPStubs: ad00ed452d4e3805ffb95977163879bd5bb121ea
  Parse: ea19104a930163c2359a280728ad4add9099da3b
  QuickDialog: 9d1354420fb47728c757fb71ffed0a53396d2091
  ReactiveCocoa: f89f2e009a87951b50321bf9feb958823fcc617e

COCOAPODS: 0.33.0
